
Microsoft Visual Studio Solution File, Format Version 12.00
# Visual Studio Version 17
VisualStudioVersion = 17.1.32328.378
MinimumVisualStudioVersion = 10.0.40219.1
Project("{F2A71F9B-5D33-465A-A702-920D77279786}") = "FitNutsAndBolts", "FitNutsAndBolts\FitNutsAndBolts.fsproj", "{ECA961C0-069B-4D1E-A833-4FDF94480C44}"
EndProject
Project("{F2A71F9B-5D33-465A-A702-920D77279786}") = "FitNutsAndBolts.Tests", "FitNutsAndBolts.Tests\FitNutsAndBolts.Tests.fsproj", "{86C3AD51-B0FB-4B1D-B11C-644D8452CA33}"
EndProject
Global
	GlobalSection(SolutionConfigurationPlatforms) = preSolution
		Debug|Any CPU = Debug|Any CPU
		Release|Any CPU = Release|Any CPU
	EndGlobalSection
	GlobalSection(ProjectConfigurationPlatforms) = postSolution
		{ECA961C0-069B-4D1E-A833-4FDF94480C44}.Debug|Any CPU.ActiveCfg = Debug|Any CPU
		{ECA961C0-069B-4D1E-A833-4FDF94480C44}.Debug|Any CPU.Build.0 = Debug|Any CPU
		{ECA961C0-069B-4D1E-A833-4FDF94480C44}.Release|Any CPU.ActiveCfg = Release|Any CPU
		{ECA961C0-069B-4D1E-A833-4FDF94480C44}.Release|Any CPU.Build.0 = Release|Any CPU
		{86C3AD51-B0FB-4B1D-B11C-644D8452CA33}.Debug|Any CPU.ActiveCfg = Debug|Any CPU
		{86C3AD51-B0FB-4B1D-B11C-644D8452CA33}.Debug|Any CPU.Build.0 = Debug|Any CPU
		{86C3AD51-B0FB-4B1D-B11C-644D8452CA33}.Release|Any CPU.ActiveCfg = Release|Any CPU
		{86C3AD51-B0FB-4B1D-B11C-644D8452CA33}.Release|Any CPU.Build.0 = Release|Any CPU
	EndGlobalSection
	GlobalSection(SolutionProperties) = preSolution
		HideSolutionNode = FALSE
	EndGlobalSection
	GlobalSection(ExtensibilityGlobals) = postSolution
		SolutionGuid = {8FF21894-B5A7-40FC-8E64-088E5F359899}
	EndGlobalSection
EndGlobal
